
Microsoft Visual Studio Solution File, Format Version 11.00
# Visual Studio 2010
Project("{FAE04EC0-301F-11D3-BF4B-00C04F79EFBC}") = "BardFinalProject", "BardFinalProject\BardFinalProject.csproj", "{4AC12C3A-4A32-41F0-903F-18A4D10A41D6}"
EndProject
Global
	GlobalSection(SolutionConfigurationPlatforms) = preSolution
		Debug|Any CPU = Debug|Any CPU
		Release|Any CPU = Release|Any CPU
	EndGlobalSection
	GlobalSection(ProjectConfigurationPlatforms) = postSolution
		{4AC12C3A-4A32-41F0-903F-18A4D10A41D6}.Debug|Any CPU.ActiveCfg = Debug|Any CPU
		{4AC12C3A-4A32-41F0-903F-18A4D10A41D6}.Debug|Any CPU.Build.0 = Debug|Any CPU
		{4AC12C3A-4A32-41F0-903F-18A4D10A41D6}.Release|Any CPU.ActiveCfg = Release|Any CPU
		{4AC12C3A-4A32-41F0-903F-18A4D10A41D6}.Release|Any CPU.Build.0 = Release|Any CPU
	EndGlobalSection
	GlobalSection(SolutionProperties) = preSolution
		HideSolutionNode = FALSE
	EndGlobalSection
EndGlobal
